
Microsoft Visual Studio Solution File, Format Version 12.00
# Visual Studio Version 17
VisualStudioVersion = 17.10.35122.118
MinimumVisualStudioVersion = 10.0.40219.1
Project("{9A19103F-16F7-4668-BE54-9A1E7A4F7556}") = "ff16.utility.modloader", "ff16.utility.modloader\ff16.utility.modloader.csproj", "{F8E857D9-A9B5-492C-AC0A-CF026DEBC7D1}"
EndProject
Project("{FAE04EC0-301F-11D3-BF4B-00C04F79EFBC}") = "ff16.utility.modloader.Interfaces", "ff16.utility.modloader.Interfaces\ff16.utility.modloader.Interfaces.csproj", "{053C5D22-D5FB-41C3-80B8-816E44A75F50}"
EndProject
Global
	GlobalSection(SolutionConfigurationPlatforms) = preSolution
		Debug|Any CPU = Debug|Any CPU
		Release|Any CPU = Release|Any CPU
	EndGlobalSection
	GlobalSection(ProjectConfigurationPlatforms) = postSolution
		{F8E857D9-A9B5-492C-AC0A-CF026DEBC7D1}.Debug|Any CPU.ActiveCfg = Debug|Any CPU
		{F8E857D9-A9B5-492C-AC0A-CF026DEBC7D1}.Debug|Any CPU.Build.0 = Debug|Any CPU
		{F8E857D9-A9B5-492C-AC0A-CF026DEBC7D1}.Release|Any CPU.ActiveCfg = Release|Any CPU
		{F8E857D9-A9B5-492C-AC0A-CF026DEBC7D1}.Release|Any CPU.Build.0 = Release|Any CPU
		{053C5D22-D5FB-41C3-80B8-816E44A75F50}.Debug|Any CPU.ActiveCfg = Debug|Any CPU
		{053C5D22-D5FB-41C3-80B8-816E44A75F50}.Debug|Any CPU.Build.0 = Debug|Any CPU
		{053C5D22-D5FB-41C3-80B8-816E44A75F50}.Release|Any CPU.ActiveCfg = Release|Any CPU
		{053C5D22-D5FB-41C3-80B8-816E44A75F50}.Release|Any CPU.Build.0 = Release|Any CPU
	EndGlobalSection
	GlobalSection(SolutionProperties) = preSolution
		HideSolutionNode = FALSE
	EndGlobalSection
	GlobalSection(ExtensibilityGlobals) = postSolution
		SolutionGuid = {B51E924D-B289-4C40-8576-ECE543C82370}
	EndGlobalSection
EndGlobal
